<Solution>
  <Project Path="Assembly-CSharp.csproj" />
  <Project Path="FastScriptReload.Editor.csproj" />
  <Project Path="Ink-Libraries.csproj" />
  <Project Path="InkEditor.csproj" />
  <Project Path="FastScriptReload.Runtime.csproj" />
  <Project Path="Assembly-CSharp-Editor.csproj" />
</Solution>
